# THIS IS AN AUTOGENERATED FILE. DO NOT EDIT THIS FILE DIRECTLY.
# yarn lockfile v1


"@babel/code-frame@^7.10.4":
  version "7.29.7"
  resolved "https://registry.yarnpkg.com/@babel/code-frame/-/code-frame-7.29.7.tgz#f2fbbfea87c44a21590ec515b778b2c26d8866e7"
  integrity sha512-Aup7aUOfpbAUg2ROOJN6Iw5f9DMBlzu0mIkm/malLQFN/YQgO48wCj0Kxa3sEHJvPVFg7siR+qRInwXd2qhQKw==
  dependencies:
    "@babel/helper-validator-identifier" "^7.29.7"
    js-tokens "^4.0.0"
    picocolors "^1.1.1"

"@babel/helper-validator-identifier@^7.29.7":
  version "7.29.7"
  resolved "https://registry.yarnpkg.com/@babel/helper-validator-identifier/-/helper-validator-identifier-7.29.7.tgz#bd87084ced0c796ec46bda492de6e83d29e89fc2"
  integrity sha512-qehxGkRj55h/ff8EMaJ+cYhyaKlHIxqYDn682wQD7RNp9UujOQsHog2uS0r2vzr4pW+sXf90NeeayjcNaX3fFg==

"@babel/runtime@^7.12.5":
  version "7.29.7"
  resolved "https://registry.yarnpkg.com/@babel/runtime/-/runtime-7.29.7.tgz#12022450c45a4da6d8d8287b18a4ff2ddb23f768"
  integrity sha512-Nq8OhGWiZIZGV6hLHoyAKLLcJihP/xFeBMGJoUrxTX2psI8dCifzLhZISFb+VWS3wFMRDmCGw5R+dOySCqPLhw==

"@emnapi/runtime@^1.11.3":
  version "1.11.3"
  resolved "https://registry.yarnpkg.com/@emnapi/runtime/-/runtime-1.11.3.tgz#84257ae3b0531eb2aec1ffa23d70700da007ba95"
  integrity sha512-Xz4Tpyki7XyrpbUK1jR1AhdAdaXyhhY4lZ3neLodmhpuWfy2PAQN5B46sAiU4liOXGLkHypn/qU+jvfWSCYYLA==
  dependencies:
    tslib "^2.4.0"

"@img/colour@^1.1.0":
  version "1.1.0"
  resolved "https://registry.yarnpkg.com/@img/colour/-/colour-1.1.0.tgz#b0c2c2fa661adf75effd6b4964497cd80010bb9d"
  integrity sha512-Td76q7j57o/tLVdgS746cYARfSyxk8iEfRxewL9h4OMzYhbW4TAcppl0mT4eyqXddh6L/jwoM75mo7ixa/pCeQ==

"@img/sharp-darwin-arm64@0.35.4":
  version "0.35.4"
  resolved "https://registry.yarnpkg.com/@img/sharp-darwin-arm64/-/sharp-darwin-arm64-0.35.4.tgz#bc10b262de2fc80088013f5f998298d1c8909fbf"
  integrity sha512-Uhfl4V4lhP2nbUVF9+hyH1+luj86f1gUFeo8ALYxFoULoU+G87D43BfeMP8XHsk9boxAnCY/bf2EHwhA7MuGsA==
  optionalDependencies:
    "@img/sharp-libvips-darwin-arm64" "1.3.3"

"@img/sharp-darwin-x64@0.35.4":
  version "0.35.4"
  resolved "https://registry.yarnpkg.com/@img/sharp-darwin-x64/-/sharp-darwin-x64-0.35.4.tgz#76c49ff04fb3f9d846b0d0575841b7ee59beec68"
  integrity sha512-hWniXY3bG5qKpkKrAwPe4y+VTPmf086YQAnkxWh7uA1YrlRouWGa0M0Mxj3ZjnXFkv7/TD1bTy9lGUK26vRvWw==
  optionalDependencies:
    "@img/sharp-libvips-darwin-x64" "1.3.3"

"@img/sharp-freebsd-wasm32@0.35.4":
  version "0.35.4"
  resolved "https://registry.yarnpkg.com/@img/sharp-freebsd-wasm32/-/sharp-freebsd-wasm32-0.35.4.tgz#ba55fd603c5d1d01a1cb14ffb4d970bc6ced80e1"
  integrity sha512-lIsKw/BU+kjB4eZjxrYrZmwOJYi3Ajrv66iAlBmUPyKc3HpnloevB1g3wxGD9P/5BbQ1brBGl65VRRrCvQDEqA==
  dependencies:
    "@img/sharp-wasm32" "0.35.4"

"@img/sharp-libvips-darwin-arm64@1.3.3":
  version "1.3.3"
  resolved "https://registry.yarnpkg.com/@img/sharp-libvips-darwin-arm64/-/sharp-libvips-darwin-arm64-1.3.3.tgz#08a6cf4fb4ee8d45f99404a569dcaa6b29391d97"
  integrity sha512-suTBPTDGrI9WodccaDdwZItTSaBYASlBk1NSfElSHrUfzu3szG6lvIF58+WiFvnfzuK8ZBFS5zE00PxqxnRiPg==

"@img/sharp-libvips-darwin-x64@1.3.3":
  version "1.3.3"
  resolved "https://registry.yarnpkg.com/@img/sharp-libvips-darwin-x64/-/sharp-libvips-darwin-x64-1.3.3.tgz#1461e6fb310a869b3c13504589b8dd5c06624da8"
  integrity sha512-FVJZ5mITMobmXIz/hPDTw0EintTW5H3WfrxwLqEqjiIihlu+hVRyGrFQ60xl0Lxn7Bt3zdpevPaQi0HEzqz9fw==

"@img/sharp-libvips-linux-arm64@1.3.3":
  version "1.3.3"
  resolved "https://registry.yarnpkg.com/@img/sharp-libvips-linux-arm64/-/sharp-libvips-linux-arm64-1.3.3.tgz#cb938a3971b9a36329bc99427f1e5b72e266ba2e"
  integrity sha512-0DaL0A6Xu6sQSQFwe4iVCrKWU2cCTItnRsYsCdxAMm9NF6twAA9BKnoqy4hqz4+azQ0JHuA26qiUKsf1XJ/v5A==

"@img/sharp-libvips-linux-arm@1.3.3":
  version "1.3.3"
  resolved "https://registry.yarnpkg.com/@img/sharp-libvips-linux-arm/-/sharp-libvips-linux-arm-1.3.3.tgz#71032941b9fcbf8ebc3c1b62949927b844cbad62"
  integrity sha512-3rbU4vqXXc3hY/OiXdl52xZvT0F1yEngWfvqudtPJg/KkyiaQw2DRsFrNzpmLvfavbwOq3qXn36GP8obHRULQA==

"@img/sharp-libvips-linux-ppc64@1.3.3":
  version "1.3.3"
  resolved "https://registry.yarnpkg.com/@img/sharp-libvips-linux-ppc64/-/sharp-libvips-linux-ppc64-1.3.3.tgz#8246d2dec15234fd1cc54cc55dcba1aebc26c414"
  integrity sha512-cdn1OvUBwsXhbC0zSzJnNzf5MZ/mTrobawDvNXBTxe8VtqKAm0sRuEY2Evzovb/w9JMk4TvRxqt1mekSuJz64w==

"@img/sharp-libvips-linux-riscv64@1.3.3":
  version "1.3.3"
  resolved "https://registry.yarnpkg.com/@img/sharp-libvips-linux-riscv64/-/sharp-libvips-linux-riscv64-1.3.3.tgz#59ff663c2aa6b418857357cd77ca4ccaece95876"
  integrity sha512-HjPVx7yKz+0lqdhDlTw1tt90wamBoxhiXpvl1XZpJLiHH4RCJ5yDTqH+VlYPv2fwFs89JFw4c1IexYOcQUi4IQ==

"@img/sharp-libvips-linux-s390x@1.3.3":
  version "1.3.3"
  resolved "https://registry.yarnpkg.com/@img/sharp-libvips-linux-s390x/-/sharp-libvips-linux-s390x-1.3.3.tgz#bc17451f80d9f31663b3e906149f159a0ecb1ca8"
  integrity sha512-neWLh+3yCNThxnfy3c4BbVBeGgt9aftno+XbT56iK28RgeDs3UOFWviLWlUu0bArYVYJaFDK+RRohbicUNCm8Q==

"@img/sharp-libvips-linux-x64@1.3.3":
  version "1.3.3"
  resolved "https://registry.yarnpkg.com/@img/sharp-libvips-linux-x64/-/sharp-libvips-linux-x64-1.3.3.tgz#c7d1f83bc1cfe222cd9dc927f3c5137aa9791e76"
  integrity sha512-4vKmvAst9nrowcqquKFAyZJUDolUaIp8uRiN0mWFguJ1IplC9/pitXtlnnlU4aa/eJw3J7i67V+pwUL+wZGdsA==

"@img/sharp-libvips-linuxmusl-arm64@1.3.3":
  version "1.3.3"
  resolved "https://registry.yarnpkg.com/@img/sharp-libvips-linuxmusl-arm64/-/sharp-libvips-linuxmusl-arm64-1.3.3.tgz#303dfe2a8e6d1fd279ead559f4d2ccff2545e2a2"
  integrity sha512-Y9kQaLMuNoB0bPYOOdcZMaseNrFpPodIWWMrx+CZyydf2xn68j9WYc6sWWRrDwNkzCQjKYfc68L7jKjGlHMibw==

"@img/sharp-libvips-linuxmusl-x64@1.3.3":
  version "1.3.3"
  resolved "https://registry.yarnpkg.com/@img/sharp-libvips-linuxmusl-x64/-/sharp-libvips-linuxmusl-x64-1.3.3.tgz#3750f70ad46ad87e4a08ee8d372ab9a7e17e2b6c"
  integrity sha512-fj8Mv0HHfD1Rr+4I68+3agJynxDWtBFgicTbSOb9Bke6pIwzGcJ+RX/yHjmiEGFMCavY/dxvem7MyNaJF+wDiw==

"@img/sharp-linux-arm64@0.35.4":
  version "0.35.4"
  resolved "https://registry.yarnpkg.com/@img/sharp-linux-arm64/-/sharp-linux-arm64-0.35.4.tgz#c2f53bf913fa1b46762b192c527a2b3647a211a8"
  integrity sha512-De4jpEnAU8Hd5oT0j1G3uL4ZvTuipVMn7YC6vPaJhy6/7EwEae0SVAoBrUMYQbkLGDm85taVWwuPc1a44LTzCQ==
  optionalDependencies:
    "@img/sharp-libvips-linux-arm64" "1.3.3"

"@img/sharp-linux-arm@0.35.4":
  version "0.35.4"
  resolved "https://registry.yarnpkg.com/@img/sharp-linux-arm/-/sharp-linux-arm-0.35.4.tgz#de8da0da2ee552267cae771597332a863378e43b"
  integrity sha512-7OAS8gI0EReKGVN2HssHlM6umJgxF5VI3xN0p9FA91p/YO+ou5hiNghLdZ5BEHztwaaK5+bLKRf8x/o2L2nk9A==
  optionalDependencies:
    "@img/sharp-libvips-linux-arm" "1.3.3"

"@img/sharp-linux-ppc64@0.35.4":
  version "0.35.4"
  resolved "https://registry.yarnpkg.com/@img/sharp-linux-ppc64/-/sharp-linux-ppc64-0.35.4.tgz#c40d7c5f8ce216c35224c58edcef8e6445935256"
  integrity sha512-2oYZJeIl4kCcMGk4ouZVjnkCtFrpQFlNEtJ6GbxzhHQchwH0NH/qEb9ykmOl29dqwMq+JhFdZn+1ak2FKhI9fQ==
  optionalDependencies:
    "@img/sharp-libvips-linux-ppc64" "1.3.3"

"@img/sharp-linux-riscv64@0.35.4":
  version "0.35.4"
  resolved "https://registry.yarnpkg.com/@img/sharp-linux-riscv64/-/sharp-linux-riscv64-0.35.4.tgz#032ca206e713b1179efe0e18d525188c67277730"
  integrity sha512-cPbNChoRURAWdebDIHSenxRpgEdy7JkPydSnUxRm9VvKD7m0/xVaR/8Fzlu81pk5nHEvHH87UZUA7cTtwnbJSA==
  optionalDependencies:
    "@img/sharp-libvips-linux-riscv64" "1.3.3"

"@img/sharp-linux-s390x@0.35.4":
  version "0.35.4"
  resolved "https://registry.yarnpkg.com/@img/sharp-linux-s390x/-/sharp-linux-s390x-0.35.4.tgz#19dac7501a15c8748bc7a11219fca391e424b6d7"
  integrity sha512-RY0JFY8Fd6RonCBtHz+DvadaPkXDSI1AUn6yWL9TipqkZ1vY8w8evqdgyDFnkm4/K1ve1TvZiaePP5oSd4+WVQ==
  optionalDependencies:
    "@img/sharp-libvips-linux-s390x" "1.3.3"

"@img/sharp-linux-x64@0.35.4":
  version "0.35.4"
  resolved "https://registry.yarnpkg.com/@img/sharp-linux-x64/-/sharp-linux-x64-0.35.4.tgz#7d1d414d4a538e0704ba6b76ce6547e60f6211ce"
  integrity sha512-9qvvEAuk8k89TfWUoX2htWjbAMX8p+NxCppjpcg5k6xMsjhBQPTsoIh36h9Qde4WRuGpJeYnOjdosDn/cnv+OA==
  optionalDependencies:
    "@img/sharp-libvips-linux-x64" "1.3.3"

"@img/sharp-linuxmusl-arm64@0.35.4":
  version "0.35.4"
  resolved "https://registry.yarnpkg.com/@img/sharp-linuxmusl-arm64/-/sharp-linuxmusl-arm64-0.35.4.tgz#9534c93807822f4282d079a322facc6db53d50f6"
  integrity sha512-KB5jxpfWQTr0nc3xdHtWChdbifHrBGsd2SM62Eyxrl8afikm+f5qGBU75SJIZBT/S1MC8XyacdlXBMSWq6OURA==
  optionalDependencies:
    "@img/sharp-libvips-linuxmusl-arm64" "1.3.3"

"@img/sharp-linuxmusl-x64@0.35.4":
  version "0.35.4"
  resolved "https://registry.yarnpkg.com/@img/sharp-linuxmusl-x64/-/sharp-linuxmusl-x64-0.35.4.tgz#f488e7a0291991bff643cef82b5afd3cfd70fcf2"
  integrity sha512-f+eZJZIQNEEd26RPSW+76chwOf1XtA2Y/O+5ocVyLliHkeih3e+jhLVBdNTd2rS3IbNXK8+ug93Vf5ZXtF5Lxg==
  optionalDependencies:
    "@img/sharp-libvips-linuxmusl-x64" "1.3.3"

"@img/sharp-wasm32@0.35.4":
  version "0.35.4"
  resolved "https://registry.yarnpkg.com/@img/sharp-wasm32/-/sharp-wasm32-0.35.4.tgz#81f71f3fc0d8447dc3af6cb378e24e758ff54225"
  integrity sha512-zQnl4Kwp7Q6NHsENtU2T/00Zi+w3AQNwz3+UaTyVBy2FpXrzXzGjndpK61onhZjRtRpQXxCTeqw19bVyXOh7jA==
  dependencies:
    "@emnapi/runtime" "^1.11.3"

"@img/sharp-webcontainers-wasm32@0.35.4":
  version "0.35.4"
  resolved "https://registry.yarnpkg.com/@img/sharp-webcontainers-wasm32/-/sharp-webcontainers-wasm32-0.35.4.tgz#77d2e8892d3a3825f0dc95ab02ceb613cb213286"
  integrity sha512-ESfNkywmCfPNyaZjxooddJQiQ+l/nTpGEOGthxiLnIHXC/CmcBixnfwUleX9mCz9ovrUUvKMap/pm8RYbzfwaA==
  dependencies:
    "@img/sharp-wasm32" "0.35.4"

"@img/sharp-win32-arm64@0.35.4":
  version "0.35.4"
  resolved "https://registry.yarnpkg.com/@img/sharp-win32-arm64/-/sharp-win32-arm64-0.35.4.tgz#4101b44e3fb97d6f1a73c2a9c6142d491d1aa831"
  integrity sha512-iNdlBX9gLVvqe2I3uIJSIKTq6wckP/DYxZtcqxm09x5Gi24DnFBmPAWZmr60ZyYMG0xlzo6goG3670ar+RXvRw==

"@img/sharp-win32-ia32@0.35.4":
  version "0.35.4"
  resolved "https://registry.yarnpkg.com/@img/sharp-win32-ia32/-/sharp-win32-ia32-0.35.4.tgz#8d4755bd26d5ff34fb89c7907bd89c080a5dc9f5"
  integrity sha512-kqRsbaa5CS6KHlpxnN7WhE6vAAugXyZButpRdvDWetlv6Qv4N9WTcrWzF7tXfB9T7MsoadqdI8hmwLq6UlLvtw==

"@img/sharp-win32-x64@0.35.4":
  version "0.35.4"
  resolved "https://registry.yarnpkg.com/@img/sharp-win32-x64/-/sharp-win32-x64-0.35.4.tgz#0b67bd0b1f01123a982afcc6ba0dc00b877b8a0a"
  integrity sha512-XtmnYhBcrORsJ4XJngyzr/EWP0hRZLAZRFaApdKuviyqF78+ylxh2y06ZmtULAMOnObJ3ucpN0AcwSWnMowTRg==

"@next/env@15.5.25":
  version "15.5.25"
  resolved "https://registry.yarnpkg.com/@next/env/-/env-15.5.25.tgz#bf7e5afd0f186a7d3d77e5d1ac8bb4a68b348220"
  integrity sha512-42h1lLr07vl4gawALP1hsgRZjHB1xYa58JfUfHwr0f7jG/zhPakh5GHkADHXOC9ZxUvlQFOPIrp7s6qX4DezPQ==

"@next/swc-darwin-arm64@15.5.25":
  version "15.5.25"
  resolved "https://registry.yarnpkg.com/@next/swc-darwin-arm64/-/swc-darwin-arm64-15.5.25.tgz#405112f417176aac29cc347d2e9a4851b56e23f7"
  integrity sha512-w+RR0v/QuApnWEjRGm1z6gcObKwGMb5YPA7V3bzBEVSBpMFUXprer0tS27UxjUcEnqbhL7Zuzohej79B6rYmBg==

"@next/swc-darwin-x64@15.5.25":
  version "15.5.25"
  resolved "https://registry.yarnpkg.com/@next/swc-darwin-x64/-/swc-darwin-x64-15.5.25.tgz#396cbaed57250c1f176bd2a898f391e56a7679da"
  integrity sha512-QiGGBUSakt8S1H4Lt9Ehsh6Ja87axiBnQQgysOObvCbI7iUfJnRGntF1P64S4/ijuHFnSB8KLsEddkY3nN26uw==

"@next/swc-linux-arm64-gnu@15.5.25":
  version "15.5.25"
  resolved "https://registry.yarnpkg.com/@next/swc-linux-arm64-gnu/-/swc-linux-arm64-gnu-15.5.25.tgz#ae45a778d04fd64a28fde11c9c94a94a1c371262"
  integrity sha512-ehLos/66zo0d/mJCU5u96a/VDcr01aaUrX0o/i16UdInxz8qPTCDSxGtjk/Lps1sIr1RJFdiX3hxc0fxJo+cPA==

"@next/swc-linux-arm64-musl@15.5.25":
  version "15.5.25"
  resolved "https://registry.yarnpkg.com/@next/swc-linux-arm64-musl/-/swc-linux-arm64-musl-15.5.25.tgz#65a53039e3e45f8f122ab63c0b48c6363d6b2dae"
  integrity sha512-ZVMrqLiJ7DiChgmbkQwFtdhAnUkSH/4p7tB29QY+giATb0Q/XGHNRSKAb/B8XGDHRUaA67NepOW5W8u3ZRJBAA==

"@next/swc-linux-x64-gnu@15.5.25":
  version "15.5.25"
  resolved "https://registry.yarnpkg.com/@next/swc-linux-x64-gnu/-/swc-linux-x64-gnu-15.5.25.tgz#2ab025b9a9ba5f6a618fb210acb6874d0ce942e2"
  integrity sha512-UOewtDGkTMJTiODrEdeLZ50yGb59xCZSriNpXkfPMxRRgwDkGc7i8mLWqV5076wEdb+Ca/XN7MhJyM3CupyNyQ==

"@next/swc-linux-x64-musl@15.5.25":
  version "15.5.25"
  resolved "https://registry.yarnpkg.com/@next/swc-linux-x64-musl/-/swc-linux-x64-musl-15.5.25.tgz#1c8f33be61a1cceb91736223a26dd8df1f6752a4"
  integrity sha512-UBHwA8AhkCZgtRfU1aJpunuAJe/6gZv6jDESQe4p5MjTb5V0YEeJBWCdNqx15Vj3x+5jmauRfeMJSjfQj9HGFQ==

"@next/swc-win32-arm64-msvc@15.5.25":
  version "15.5.25"
  resolved "https://registry.yarnpkg.com/@next/swc-win32-arm64-msvc/-/swc-win32-arm64-msvc-15.5.25.tgz#9095a598075499a33da973c507fb02a7f0ca86d5"
  integrity sha512-QcFcPRr16djk5IqK5+e8O80eZfgWzIvVBXfitIq0tQ/uc+eyfdoZ0NmKc0cnbIJyfVwREapKuG97YcxWA9gcpA==

"@next/swc-win32-x64-msvc@15.5.25":
  version "15.5.25"
  resolved "https://registry.yarnpkg.com/@next/swc-win32-x64-msvc/-/swc-win32-x64-msvc-15.5.25.tgz#660cc479fc677e990506895a18bfe9f94cc5d31e"
  integrity sha512-zREeykps3ndWr9egJgvJKqVkkDuaw6Zrrg23cYBos0ygydFkAWYU4+PaPVwXzP1eAYQJe53ShSK45iDM529BOg==

"@parcel/watcher-android-arm64@2.6.0":
  version "2.6.0"
  resolved "https://registry.yarnpkg.com/@parcel/watcher-android-arm64/-/watcher-android-arm64-2.6.0.tgz#99aaa3223d43807c9340af439cad7e9b6d26ada6"
  integrity sha512-trgpLSCKRC/huFjXX/Smh+0sWe4+YtKfktIToiMl59ghz7z+qkH6kMvNnUbLyRs9N11t8l4svSCs1+5B3rOAhA==

"@parcel/watcher-darwin-arm64@2.6.0":
  version "2.6.0"
  resolved "https://registry.yarnpkg.com/@parcel/watcher-darwin-arm64/-/watcher-darwin-arm64-2.6.0.tgz#024496e586b4744f09ce532bbe89fe38ef02a64e"
  integrity sha512-Y3QV0gl7Q1zbfueunkWIERICbEojQFCgpyG7YqOGNFLsckXyI1xu9mAIUpKY9QBYzBtSkN8dBPwd3yiAO9ovMw==

"@parcel/watcher-darwin-x64@2.6.0":
  version "2.6.0"
  resolved "https://registry.yarnpkg.com/@parcel/watcher-darwin-x64/-/watcher-darwin-x64-2.6.0.tgz#a4621df1359a93d39a332d9bab5ff09016a0608f"
  integrity sha512-Ohv6OpzhUfKYD7Beb8kDvG0jbIxORCYY1JRdZnaBtnjjkJxgD7ZVL0nw2sCYd0yTMKTvz3nnTnOF3cDifK+kvw==

"@parcel/watcher-freebsd-x64@2.6.0":
  version "2.6.0"
  resolved "https://registry.yarnpkg.com/@parcel/watcher-freebsd-x64/-/watcher-freebsd-x64-2.6.0.tgz#7f565ed1a5b3a5e604e6a4799121518265d62a3d"
  integrity sha512-5HmXvDgs8VK+74jF9y9/2FE3/OnlcKmc56tjmSrEuZjpSZOGL+fvAu+HKJBdPs9uwoP2hE6TlSUpXZ/C5jUFmQ==

"@parcel/watcher-linux-arm-glibc@2.6.0":
  version "2.6.0"
  resolved "https://registry.yarnpkg.com/@parcel/watcher-linux-arm-glibc/-/watcher-linux-arm-glibc-2.6.0.tgz#ad7d3825e67b81999165da42593022045abc0889"
  integrity sha512-Ps/hui3A+vMbjdqlqAowK2ZL8+BO8dBjxeWXj6npTBs3jx4wWmbPpaLuqwrQrSqIVMCnpWo238bJ1U37GhQOYg==

"@parcel/watcher-linux-arm-musl@2.6.0":
  version "2.6.0"
  resolved "https://registry.yarnpkg.com/@parcel/watcher-linux-arm-musl/-/watcher-linux-arm-musl-2.6.0.tgz#fe7d1cccb2c483215c090e938cf5cf404d2f9a8c"
  integrity sha512-9c6AUHgHoG+IY88MRIHupztQiQnrbqHYQjkM2btA+Bf/wQnQMuiD0Wfk1EVv3TlNT3x41uU71rn6E4xh/+zvkw==

"@parcel/watcher-linux-arm64-glibc@2.6.0":
  version "2.6.0"
  resolved "https://registry.yarnpkg.com/@parcel/watcher-linux-arm64-glibc/-/watcher-linux-arm64-glibc-2.6.0.tgz#7e239dcb4646c4c79f006a7131a48238249530da"
  integrity sha512-yHRqS2owEXe6Hic9z6Mh1ECsCd+ODVOGvZDyciqRd21+v+o+DnXMOrw50DSpIG2sb8GPEaPPmfeCAWKPJdq46g==

"@parcel/watcher-linux-arm64-musl@2.6.0":
  version "2.6.0"
  resolved "https://registry.yarnpkg.com/@parcel/watcher-linux-arm64-musl/-/watcher-linux-arm64-musl-2.6.0.tgz#c58b8d9c6d8d81594be00dd83aab741c1aaf7e0e"
  integrity sha512-WhB2e/V7rqdHHWZusBSPuy5Ei8S6lSz6FE5TKKQz5h3a0O+C+mhY7vxU9b/stqvMb8beLnPY82ZrFTLKs+SrKA==

"@parcel/watcher-linux-x64-glibc@2.6.0":
  version "2.6.0"
  resolved "https://registry.yarnpkg.com/@parcel/watcher-linux-x64-glibc/-/watcher-linux-x64-glibc-2.6.0.tgz#5184fa9a770478d86e56875f4ee163a0abdc8791"
  integrity sha512-ulGE6x6Oz6iAwg75T8YQSoguBWasniIbX+QWpaYPcCnDOpdWX3k+4xbEYPZVLxOuoJI+svJJPD3sEj8G7lrQ3A==

"@parcel/watcher-linux-x64-musl@2.6.0":
  version "2.6.0"
  resolved "https://registry.yarnpkg.com/@parcel/watcher-linux-x64-musl/-/watcher-linux-x64-musl-2.6.0.tgz#2d1c55aa7246cbc7670e2612058a8a542c9cf246"
  integrity sha512-tkBYKt7YQrjIJWYDnto2YgO8MRkjlMTSNoRHzsXinBqbLdeOM3L32wPZJvIZxqaLMfSlS/4sUjH/6STVP/XDLw==

"@parcel/watcher-win32-arm64@2.6.0":
  version "2.6.0"
  resolved "https://registry.yarnpkg.com/@parcel/watcher-win32-arm64/-/watcher-win32-arm64-2.6.0.tgz#15e09432040fee9e2213aa9c10ed589012526def"
  integrity sha512-gIZAP23jaHjGWasY/TY6yL7NHFClf0Ga7FN+iINvk+KN94rhm94lYZhFsbYFNcA04/onvGD9kKmiJLJB2HbNwQ==

"@parcel/watcher-win32-x64@2.6.0":
  version "2.6.0"
  resolved "https://registry.yarnpkg.com/@parcel/watcher-win32-x64/-/watcher-win32-x64-2.6.0.tgz#9bee199a2a4accd557b451ac2c1c793f305ae012"
  integrity sha512-cA+/pXV2YkfxlIcXOQ5fSWqAzzPyD78/x5qbK/I0vUkrlYHA8TIz+MXjAbGouguKVSI4bOmkTSJ1/poVSsgt+A==

"@parcel/watcher@^2.4.1":
  version "2.6.0"
  resolved "https://registry.yarnpkg.com/@parcel/watcher/-/watcher-2.6.0.tgz#99661f6220070b76a766aba6b7e313a087a1be4f"
  integrity sha512-7FNeNl8NCE7aINx7WXiKQrPYZWC/hvrTsmk6zmxbI7LTXE7hVek/n8AfVgpe2y82zl3w0HvCHN0bVKMBoJcC0w==
  dependencies:
    detect-libc "^2.0.3"
    is-glob "^4.0.3"
    node-addon-api "^7.0.0"
    picomatch "^4.0.4"
  optionalDependencies:
    "@parcel/watcher-android-arm64" "2.6.0"
    "@parcel/watcher-darwin-arm64" "2.6.0"
    "@parcel/watcher-darwin-x64" "2.6.0"
    "@parcel/watcher-freebsd-x64" "2.6.0"
    "@parcel/watcher-linux-arm-glibc" "2.6.0"
    "@parcel/watcher-linux-arm-musl" "2.6.0"
    "@parcel/watcher-linux-arm64-glibc" "2.6.0"
    "@parcel/watcher-linux-arm64-musl" "2.6.0"
    "@parcel/watcher-linux-x64-glibc" "2.6.0"
    "@parcel/watcher-linux-x64-musl" "2.6.0"
    "@parcel/watcher-win32-arm64" "2.6.0"
    "@parcel/watcher-win32-x64" "2.6.0"

"@paystack/inline-js@^2.19.2":
  version "2.24.0"
  resolved "https://registry.yarnpkg.com/@paystack/inline-js/-/inline-js-2.24.0.tgz#1806fc66a0747bed2a983be5a4a5999c1dcdbc00"
  integrity sha512-78O19c7voo02eD1w9qHh74Snuy4u8R301LhHaiPZdNnRv4jlcWCKKzaGslanjwhyaftaSlhaIlV3Cqi6MGIJIQ==

"@posthog/browser-common@^0.8.2":
  version "0.8.2"
  resolved "https://registry.yarnpkg.com/@posthog/browser-common/-/browser-common-0.8.2.tgz#394204da761e7a3664e64c13be0095702f649752"
  integrity sha512-8g7+ijrx8bfWmpDjmP07e0ZmdRnJoFqZ6PCcMQvfBTUrr422GRXvQWpQn7yD028zIJHIIn/rUTipKgUC5UkWpw==
  dependencies:
    "@posthog/core" "^1.51.0"
    "@posthog/types" "^1.409.1"

"@posthog/core@^1.50.6", "@posthog/core@^1.51.0":
  version "1.51.0"
  resolved "https://registry.yarnpkg.com/@posthog/core/-/core-1.51.0.tgz#b1d2fe1a0932d6ac7a3f9c68b6bafab59439fc98"
  integrity sha512-LilmmtjcrjV1LgaVNQXrAUt4IXcWIYMrwEtx6VJUUFDeBBdmeI99jshKGtAWugYeB3Wkcp9xQIVCrxIYRpNiRA==
  dependencies:
    "@posthog/types" "^1.409.1"

"@posthog/types@^1.409.1":
  version "1.409.1"
  resolved "https://registry.yarnpkg.com/@posthog/types/-/types-1.409.1.tgz#61460fcca2d1e8cc1483700cfa626cc0d23f14b0"
  integrity sha512-lA2sSGQUdVknSQl93uN9eUXDwkCMjAuthq24GONGHzMWwVygsKNHlWCnlJsVv2giDokj2p1NopO4zsE2S7gYjA==

"@swc/helpers@0.5.15":
  version "0.5.15"
  resolved "https://registry.yarnpkg.com/@swc/helpers/-/helpers-0.5.15.tgz#79efab344c5819ecf83a43f3f9f811fc84b516d7"
  integrity sha512-JQ5TuMi45Owi4/BIMAJBoSQoOJu12oOk/gADqlcUL9JEdHB8vyjUSsxqeNXnmXHjYKMi2WcYtezGEEhqUI/E2g==
  dependencies:
    tslib "^2.8.0"

"@testing-library/dom@^10.4.0":
  version "10.4.1"
  resolved "https://registry.yarnpkg.com/@testing-library/dom/-/dom-10.4.1.tgz#d444f8a889e9a46e9a3b4f3b88e0fcb3efb6cf95"
  integrity sha512-o4PXJQidqJl82ckFaXUeoAW+XysPLauYI43Abki5hABd853iMhitooc6znOnczgbTYmEP6U6/y1ZyKAIsvMKGg==
  dependencies:
    "@babel/code-frame" "^7.10.4"
    "@babel/runtime" "^7.12.5"
    "@types/aria-query" "^5.0.1"
    aria-query "5.3.0"
    dom-accessibility-api "^0.5.9"
    lz-string "^1.5.0"
    picocolors "1.1.1"
    pretty-format "^27.0.2"

"@types/aria-query@^5.0.1":
  version "5.0.4"
  resolved "https://registry.yarnpkg.com/@types/aria-query/-/aria-query-5.0.4.tgz#1a31c3d378850d2778dabb6374d036dcba4ba708"
  integrity sha512-rfT93uj5s0PRL7EzccGMs3brplhcrghnDoV26NqKhCAS1hVo+WdNsPvE/yb6ilfr5hi2MEk6d5EWJTKdxg8jVw==

"@types/node@24.10.1":
  version "24.10.1"
  resolved "https://registry.yarnpkg.com/@types/node/-/node-24.10.1.tgz#91e92182c93db8bd6224fca031e2370cef9a8f01"
  integrity sha512-GNWcUTRBgIRJD5zj+Tq0fKOJ5XZajIiBroOF0yvj2bSU1WvNdYS/dn9UxwsujGW4JX06dnHyjV2y9rRaybH0iQ==
  dependencies:
    undici-types "~7.16.0"

"@types/prop-types@*":
  version "15.7.5"
  resolved "https://registry.npmjs.org/@types/prop-types/-/prop-types-15.7.5.tgz"
  integrity sha512-JCB8C6SnDoQf0cNycqd/35A7MjcnK+ZTqE7judS6o7utxUCg6imJg3QK2qzHKszlTjcj2cn+NwMB2i96ubpj7w==

"@types/react-dom@18.3.7":
  version "18.3.7"
  resolved "https://registry.yarnpkg.com/@types/react-dom/-/react-dom-18.3.7.tgz#b89ddf2cd83b4feafcc4e2ea41afdfb95a0d194f"
  integrity sha512-MEe3UeoENYVFXzoXEWsvcpg6ZvlrFNlOQ7EOsvhI3CfAXwzPfO8Qwuxd40nepsYKqyyVQnTdEfv68q91yLcKrQ==

"@types/react@18.3.31":
  version "18.3.31"
  resolved "https://registry.yarnpkg.com/@types/react/-/react-18.3.31.tgz#b5e95e28ffcceab8d982f33f2eb076e17653c2a4"
  integrity sha512-vfEqpXTvwT91yhmwdfouStN2hSKwTvyRs8qpLfADyrq/kxDw0hZM7Wk9Ug1FELj8hIby+S/+kQCSRFF32nv2Qw==
  dependencies:
    "@types/prop-types" "*"
    csstype "^3.2.2"

"@types/trusted-types@^2.0.7":
  version "2.0.7"
  resolved "https://registry.yarnpkg.com/@types/trusted-types/-/trusted-types-2.0.7.tgz#baccb07a970b91707df3a3e8ba6896c57ead2d11"
  integrity sha512-ScaPdn1dQczgbl0QFTeTOmVHFULt394XJgOQNoyVhZ6r2vLnMLJfBPd53SB52T/3G36VI1/g2MZaX0cwDuXsfw==

ansi-regex@^5.0.1:
  version "5.0.1"
  resolved "https://registry.yarnpkg.com/ansi-regex/-/ansi-regex-5.0.1.tgz#082cb2c89c9fe8659a311a53bd6a4dc5301db304"
  integrity sha512-quJQXlTSUGL2LH9SUXo8VwsY4soanhgo6LNSm84E1LBcE8s3O0wpdiRzyR9z/ZZJMlMWv37qOOb9pdJlMUEKFQ==

ansi-styles@^5.0.0:
  version "5.2.0"
  resolved "https://registry.yarnpkg.com/ansi-styles/-/ansi-styles-5.2.0.tgz#07449690ad45777d1924ac2abb2fc8895dba836b"
  integrity sha512-Cxwpt2SfTzTtXcfOlzGEee8O+c+MmUgGrNiBcXnuWxuFJHe6a5Hz7qwhwe5OgaSYI0IJvkLqWX1ASG+cJOkEiA==

aria-query@5.3.0:
  version "5.3.0"
  resolved "https://registry.yarnpkg.com/aria-query/-/aria-query-5.3.0.tgz#650c569e41ad90b51b3d7df5e5eed1c7549c103e"
  integrity sha512-b0P0sZPKtyu8HkeRAfCq0IfURZK+SuwMjY1UXGBU27wpAiTwQAIlq56IbIO+ytk/JjS1fMR14ee5WBBfKi5J6A==
  dependencies:
    dequal "^2.0.3"

caniuse-lite@^1.0.30001579:
  version "1.0.30001810"
  resolved "https://registry.yarnpkg.com/caniuse-lite/-/caniuse-lite-1.0.30001810.tgz#4970b477dea3278374de9bc43aa8f5d39fc3cda2"
  integrity sha512-TITQPUkaz+aVk5GL6NhOdwk1aEaNTSDPsGFWrTuhKGtjTF70jL/Oht2W4c6rXUe5fu7Ie19VIahAXHIIiWWNeg==

chokidar@^4.0.0:
  version "4.0.3"
  resolved "https://registry.yarnpkg.com/chokidar/-/chokidar-4.0.3.tgz#7be37a4c03c9aee1ecfe862a4a23b2c70c205d30"
  integrity sha512-Qgzu8kfBvo+cA4962jnP1KkS6Dop5NS6g7R5LFYJr4b8Ub94PPQXUksCw9PvXoeXPRRddRNC5C1JQUR2SMGtnA==
  dependencies:
    readdirp "^4.0.1"

client-only@0.0.1:
  version "0.0.1"
  resolved "https://registry.yarnpkg.com/client-only/-/client-only-0.0.1.tgz#38bba5d403c41ab150bff64a95c85013cf73bca1"
  integrity sha512-IV3Ou0jSMzZrd3pZ48nLkT9DA7Ag1pnPzaiQhpW7c3RbcqqzvzzVu+L8gfqMp/8IM2MQtSiqaCxrrcfu8I8rMA==

core-js@^3.49.0:
  version "3.50.0"
  resolved "https://registry.yarnpkg.com/core-js/-/core-js-3.50.0.tgz#a18646fcb0097650189b4504c803e887bcae4c0a"
  integrity sha512-BRWgOLKkFeCgRudR6zrs8p9XJZcE14grzKMMssoYrk6krtuEZ7MTKPIY5RzOnqsEKIR9kst7wNzphttraT+Yqw==

csstype@^3.2.2:
  version "3.2.3"
  resolved "https://registry.yarnpkg.com/csstype/-/csstype-3.2.3.tgz#ec48c0f3e993e50648c86da559e2610995cf989a"
  integrity sha512-z1HGKcYy2xA8AGQfwrn0PAy+PB7X/GSj3UVJW9qKyn43xWa+gl5nXmU4qqLMRzWVLFC8KusUX8T/0kCiOYpAIQ==

dequal@^2.0.3:
  version "2.0.3"
  resolved "https://registry.yarnpkg.com/dequal/-/dequal-2.0.3.tgz#2644214f1997d39ed0ee0ece72335490a7ac67be"
  integrity sha512-0je+qPKHEMohvfRTCEo3CrPG6cAzAYgmzKyxRiYSSDkS6eGJdyVJm7WaYA5ECaAD9wLB2T4EEeymA5aFVcYXCA==

detect-libc@^2.0.3, detect-libc@^2.1.2:
  version "2.1.2"
  resolved "https://registry.yarnpkg.com/detect-libc/-/detect-libc-2.1.2.tgz#689c5dcdc1900ef5583a4cb9f6d7b473742074ad"
  integrity sha512-Btj2BOOO83o3WyH59e8MgXsxEQVcarkUOpEYrubB0urwnN10yQ364rsiByU11nZlqWYZm05i/of7io4mzihBtQ==

dom-accessibility-api@^0.5.9:
  version "0.5.16"
  resolved "https://registry.yarnpkg.com/dom-accessibility-api/-/dom-accessibility-api-0.5.16.tgz#5a7429e6066eb3664d911e33fb0e45de8eb08453"
  integrity sha512-X7BJ2yElsnOJ30pZF4uIIDfBEVgF4XEBxL9Bxhy6dnrm5hkzqmsWHGTiHqRiITNhMyFLyAiWndIJP7Z1NTteDg==

dompurify@^3.4.13:
  version "3.4.15"
  resolved "https://registry.yarnpkg.com/dompurify/-/dompurify-3.4.15.tgz#30351b34513894f428c13bddb28bff0a027ae804"
  integrity sha512-EUBjM+B+lkDE41iE82DDSCfkoPGfXx8IxFxPMjNzm/Uk4xDet77rTN9wqlxlVg71kK7XGuUMv6wUxJUwwv+Xyw==
  optionalDependencies:
    "@types/trusted-types" "^2.0.7"

fflate@0.8.3, fflate@^0.4.8:
  version "0.8.3"
  resolved "https://registry.yarnpkg.com/fflate/-/fflate-0.8.3.tgz#bc27d8eb30343d4d512abb03480202ce65d825fc"
  integrity sha512-tbZNuJrLwGUp3zshBtdy4W+ORxZuIh8a5ilyIEQDC5rY1f3U20JMry0Ll3WBzU58EZKsEuJFXhb5gwv8CsPvgA==

immutable@^5.0.2:
  version "5.1.9"
  resolved "https://registry.yarnpkg.com/immutable/-/immutable-5.1.9.tgz#ac23c3a01992ab665e14ac9ffff298f28cd74a0c"
  integrity sha512-m8nVez3rwrgmWxtLMt1ZYXB2Lv7OKYn/disyxAlSDYAlKSlFoPPfIAmAM/M5xqL4m4C/wAPw7S2/CNaUii1Hxg==

is-extglob@^2.1.1:
  version "2.1.1"
  resolved "https://registry.npmjs.org/is-extglob/-/is-extglob-2.1.1.tgz"
  integrity sha512-SbKbANkN603Vi4jEZv49LeVJMn4yGwsbzZworEoyEiutsN3nJYdbO36zfhGJ6QEDpOZIFkDtnq5JRxmvl3jsoQ==

is-glob@^4.0.3:
  version "4.0.3"
  resolved "https://registry.yarnpkg.com/is-glob/-/is-glob-4.0.3.tgz#64f61e42cbbb2eec2071a9dac0b28ba1e65d5084"
  integrity sha512-xelSayHH36ZgE7ZWhli7pW34hNbNl8Ojv5KVmkJD4hBdD3th8Tfk9vYasLM+mXWOZhFkgZfxhLSnrwRr4elSSg==
  dependencies:
    is-extglob "^2.1.1"

"js-tokens@^3.0.0 || ^4.0.0", js-tokens@^4.0.0:
  version "4.0.0"
  resolved "https://registry.npmjs.org/js-tokens/-/js-tokens-4.0.0.tgz"
  integrity sha512-RdJUflcE3cUzKiMqQgsCu06FPu9UdIJO0beYbPhHN4k6apgJtifcoCtT9bcxOpYBtpD2kCM6Sbzg4CausW/PKQ==

loose-envify@^1.1.0:
  version "1.4.0"
  resolved "https://registry.npmjs.org/loose-envify/-/loose-envify-1.4.0.tgz"
  integrity sha512-lyuxPGr/Wfhrlem2CL/UcnUc1zcqKAImBDzukY7Y5F/yQiNdko6+fRLevlw1HgMySw7f611UIY408EtxRSoK3Q==
  dependencies:
    js-tokens "^3.0.0 || ^4.0.0"

lz-string@^1.5.0:
  version "1.5.0"
  resolved "https://registry.yarnpkg.com/lz-string/-/lz-string-1.5.0.tgz#c1ab50f77887b712621201ba9fd4e3a6ed099941"
  integrity sha512-h5bgJWpxJNswbU7qCrV0tIKQCaS3blPDrqKWx+QxzuzL1zGUzij9XCWLrSLsJPu5t+eWA/ycetzYAO5IOMcWAQ==

nanoid@^3.3.16:
  version "3.3.18"
  resolved "https://registry.yarnpkg.com/nanoid/-/nanoid-3.3.18.tgz#f66a2de1199ffde0fcf21c8a5f13106b1c081913"
  integrity sha512-DTg4MJbGMWkfi6VZFdNt2/caMbQy4Ou+Op/hJQvGEWcnVfoA1QA+xzRKAzw9jD6+GVOOeYr/mIcuDSdug6F6+w==

next@15.5.25:
  version "15.5.25"
  resolved "https://registry.yarnpkg.com/next/-/next-15.5.25.tgz#562605b34387160014831e604caa3f9bcfc38aaa"
  integrity sha512-OMWNulIIqKM2ykvC2qMjIt0IoavB4UB2SCs4iXJ6z6847FvyH8jBmBWcvrF5iuhTu8Przh20Fo/aoszIdqx4PA==
  dependencies:
    "@next/env" "15.5.25"
    "@swc/helpers" "0.5.15"
    caniuse-lite "^1.0.30001579"
    postcss "8.4.31"
    styled-jsx "5.1.6"
  optionalDependencies:
    "@next/swc-darwin-arm64" "15.5.25"
    "@next/swc-darwin-x64" "15.5.25"
    "@next/swc-linux-arm64-gnu" "15.5.25"
    "@next/swc-linux-arm64-musl" "15.5.25"
    "@next/swc-linux-x64-gnu" "15.5.25"
    "@next/swc-linux-x64-musl" "15.5.25"
    "@next/swc-win32-arm64-msvc" "15.5.25"
    "@next/swc-win32-x64-msvc" "15.5.25"
    sharp "^0.34.3 || ^0.35.4"

node-addon-api@^7.0.0:
  version "7.1.1"
  resolved "https://registry.yarnpkg.com/node-addon-api/-/node-addon-api-7.1.1.tgz#1aba6693b0f255258a049d621329329322aad558"
  integrity sha512-5m3bsyrjFWE1xf7nz7YXdN4udnVtXK6/Yfgn5qnahL6bCkf2yKt4k3nuTKAtT4r3IG8JNR2ncsIMdZuAzJjHQQ==

picocolors@1.1.1, picocolors@^1.1.1:
  version "1.1.1"
  resolved "https://registry.yarnpkg.com/picocolors/-/picocolors-1.1.1.tgz#3d321af3eab939b083c8f929a1d12cda81c26b6b"
  integrity sha512-xceH2snhtb5M9liqDsmEw56le376mTZkEX/jEb/RxNFyegNul7eNslCXP9FDj/Lcu0X8KEyMceP2ntpaHrDEVA==

picomatch@^4.0.4:
  version "4.0.7"
  resolved "https://registry.yarnpkg.com/picomatch/-/picomatch-4.0.7.tgz#6313360034ccb36b3dc61ecbdff78121f90fe21f"
  integrity sha512-qcJu88Q2IWqJsDD529JKMdwGm/dvInW4HvQnRwiH9JtihJvzGOscDtHE3x1pBKeUOTysQ8kVmLnJ2kJu7yhcGA==

postcss@8.4.31, postcss@8.5.23:
  version "8.5.23"
  resolved "https://registry.yarnpkg.com/postcss/-/postcss-8.5.23.tgz#3493550116f478487298301d2c2e8dc5a56e6594"
  integrity sha512-g50586zr4bZmwFiTlflMu8E0bDTb5I5gertgwAKmsdUlTQIhZtunzUlD1WSzwcVWPoAVpsrA6vlfCD7oXvRwgg==
  dependencies:
    nanoid "^3.3.16"
    picocolors "^1.1.1"
    source-map-js "^1.2.1"

posthog-js@1.428.3:
  version "1.428.3"
  resolved "https://registry.yarnpkg.com/posthog-js/-/posthog-js-1.428.3.tgz#5b52c6083770af479aa51986528bd971b85378a2"
  integrity sha512-39BloFeL5koaAC8FmbDFx1RQGUwZkqO46M2d1wCi2vVkmiv+TrjC37t5hT9QjAszAeGn7gXeBX7E+MgND5Tygw==
  dependencies:
    "@posthog/browser-common" "^0.8.2"
    "@posthog/core" "^1.51.0"
    "@posthog/types" "^1.409.1"
    core-js "^3.49.0"
    dompurify "^3.4.13"
    fflate "^0.4.8"
    preact "^10.29.3"
    query-selector-shadow-dom "^1.0.1"
    web-vitals "^6.2.1"
    web-vitals-soft-navs "npm:web-vitals@6.2.1"

posthog-node@5.51.7:
  version "5.51.7"
  resolved "https://registry.yarnpkg.com/posthog-node/-/posthog-node-5.51.7.tgz#da4576b7fc173e00b17f2795795a6624f761a1f1"
  integrity sha512-QzUQ0S7afLIivL1mQvZ1qv3/o179ds1Zze7Zf4JDhjVlJ1mFTyu42cwFQHrD0VQpPXhIVKOq7AvSrF8Bt8yonQ==
  dependencies:
    "@posthog/core" "^1.50.6"

preact@^10.29.3:
  version "10.29.8"
  resolved "https://registry.yarnpkg.com/preact/-/preact-10.29.8.tgz#fc85b82dc2474e245b1430b51781d417361f5fc3"
  integrity sha512-ej2aVZ+vZ8WO7tvlQWRM9N63A0KzF9q4mWJfDUHgYaIofWY9hu74QdnQrjoPMmZi2/nZ5gN0bJCQF49xQqx09Q==

pretty-format@^27.0.2:
  version "27.5.1"
  resolved "https://registry.yarnpkg.com/pretty-format/-/pretty-format-27.5.1.tgz#2181879fdea51a7a5851fb39d920faa63f01d88e"
  integrity sha512-Qb1gy5OrP5+zDf2Bvnzdl3jsTf1qXVMazbvCoKhtKqVs4/YK4ozX4gKQJJVyNe+cajNPn0KoC0MC3FUmaHWEmQ==
  dependencies:
    ansi-regex "^5.0.1"
    ansi-styles "^5.0.0"
    react-is "^17.0.1"

query-selector-shadow-dom@^1.0.1:
  version "1.0.1"
  resolved "https://registry.yarnpkg.com/query-selector-shadow-dom/-/query-selector-shadow-dom-1.0.1.tgz#1c7b0058eff4881ac44f45d8f84ede32e9a2f349"
  integrity sha512-lT5yCqEBgfoMYpf3F2xQRK7zEr1rhIIZuceDK6+xRkJQ4NMbHTwXqk4NkwDwQMNqXgG9r9fyHnzwNVs6zV5KRw==

react-dom@18.3.1:
  version "18.3.1"
  resolved "https://registry.yarnpkg.com/react-dom/-/react-dom-18.3.1.tgz#c2265d79511b57d479b3dd3fdfa51536494c5cb4"
  integrity sha512-5m4nQKp+rZRb09LNH59GM4BxTh9251/ylbKIbpe7TpGxfJ+9kv6BLkLBXIjjspbgbnIBNqlI23tRnTWT0snUIw==
  dependencies:
    loose-envify "^1.1.0"
    scheduler "^0.23.2"

react-is@^17.0.1:
  version "17.0.2"
  resolved "https://registry.yarnpkg.com/react-is/-/react-is-17.0.2.tgz#e691d4a8e9c789365655539ab372762b0efb54f0"
  integrity sha512-w2GsyukL62IJnlaff/nRegPQR94C/XXamvMWmSHRJ4y7Ts/4ocGRmTHvOs8PSE6pB3dWOrD/nueuU5sduBsQ4w==

react-paystack@6.0.0:
  version "6.0.0"
  resolved "https://registry.yarnpkg.com/react-paystack/-/react-paystack-6.0.0.tgz#6f0cc3c8dd9ac3b1a5aefa212ee57471f0c3e147"
  integrity sha512-GTeVK3P3BONo0rQ82oNE/vk6kJYugii+Irti8qxTmwWLcvKe8UXEWqVWNUtjfZ3U2cXVnWid6lkg0/O/G1MfAw==
  dependencies:
    "@paystack/inline-js" "^2.19.2"
    "@testing-library/dom" "^10.4.0"

react@18.3.1:
  version "18.3.1"
  resolved "https://registry.yarnpkg.com/react/-/react-18.3.1.tgz#49ab892009c53933625bd16b2533fc754cab2891"
  integrity sha512-wS+hAgJShR0KhEvPJArfuPVN1+Hz1t0Y6n5jLrGQbkb4urgPE/0Rve+1kMB1v/oWgHgm4WIcV+i7F2pTVj+2iQ==
  dependencies:
    loose-envify "^1.1.0"

readdirp@^4.0.1:
  version "4.1.2"
  resolved "https://registry.yarnpkg.com/readdirp/-/readdirp-4.1.2.tgz#eb85801435fbf2a7ee58f19e0921b068fc69948d"
  integrity sha512-GDhwkLfywWL2s6vEjyhri+eXmfH6j1L7JE27WhqLeYzoh/A3DBaYGEj2H/HFZCn/kMfim73FXxEJTw06WtxQwg==

sass@1.93.3:
  version "1.93.3"
  resolved "https://registry.yarnpkg.com/sass/-/sass-1.93.3.tgz#3ff0aa5879dc910d32eae10c282a2847bd63e758"
  integrity sha512-elOcIZRTM76dvxNAjqYrucTSI0teAF/L2Lv0s6f6b7FOwcwIuA357bIE871580AjHJuSvLIRUosgV+lIWx6Rgg==
  dependencies:
    chokidar "^4.0.0"
    immutable "^5.0.2"
    source-map-js ">=0.6.2 <2.0.0"
  optionalDependencies:
    "@parcel/watcher" "^2.4.1"

scheduler@^0.23.2:
  version "0.23.2"
  resolved "https://registry.yarnpkg.com/scheduler/-/scheduler-0.23.2.tgz#414ba64a3b282892e944cf2108ecc078d115cdc3"
  integrity sha512-UOShsPwz7NrMUqhR6t0hWjFduvOzbtv7toDH1/hIrfRNIDBnnBWd0CwJTGvTpngVlmwGCdP9/Zl/tVrDqcuYzQ==
  dependencies:
    loose-envify "^1.1.0"

semver@^7.8.5:
  version "7.8.5"
  resolved "https://registry.yarnpkg.com/semver/-/semver-7.8.5.tgz#39b646037dd50c14fb451e7e4cac58ed8b863f69"
  integrity sha512-Y7/KDsb8LjooZpwaqGyulO6DQlksgCncchHGk+sZIY4SBvUocMBEFH5Ur1fI4dV+Jvl0w6cjvucaIi40puRioA==

"sharp@^0.34.3 || ^0.35.4":
  version "0.35.4"
  resolved "https://registry.yarnpkg.com/sharp/-/sharp-0.35.4.tgz#361df3b2959daeb380541289960456c6be0f92de"
  integrity sha512-n++8XWcj+jCOr2IOl7h8LbKnGBDY4aPbmprMONBNFdn0ImXqpGVv5zliDs0V9HbmbCQLpbuo2ej9rAoOQTvMDA==
  dependencies:
    "@img/colour" "^1.1.0"
    detect-libc "^2.1.2"
    semver "^7.8.5"
  optionalDependencies:
    "@img/sharp-darwin-arm64" "0.35.4"
    "@img/sharp-darwin-x64" "0.35.4"
    "@img/sharp-freebsd-wasm32" "0.35.4"
    "@img/sharp-libvips-darwin-arm64" "1.3.3"
    "@img/sharp-libvips-darwin-x64" "1.3.3"
    "@img/sharp-libvips-linux-arm" "1.3.3"
    "@img/sharp-libvips-linux-arm64" "1.3.3"
    "@img/sharp-libvips-linux-ppc64" "1.3.3"
    "@img/sharp-libvips-linux-riscv64" "1.3.3"
    "@img/sharp-libvips-linux-s390x" "1.3.3"
    "@img/sharp-libvips-linux-x64" "1.3.3"
    "@img/sharp-libvips-linuxmusl-arm64" "1.3.3"
    "@img/sharp-libvips-linuxmusl-x64" "1.3.3"
    "@img/sharp-linux-arm" "0.35.4"
    "@img/sharp-linux-arm64" "0.35.4"
    "@img/sharp-linux-ppc64" "0.35.4"
    "@img/sharp-linux-riscv64" "0.35.4"
    "@img/sharp-linux-s390x" "0.35.4"
    "@img/sharp-linux-x64" "0.35.4"
    "@img/sharp-linuxmusl-arm64" "0.35.4"
    "@img/sharp-linuxmusl-x64" "0.35.4"
    "@img/sharp-webcontainers-wasm32" "0.35.4"
    "@img/sharp-win32-arm64" "0.35.4"
    "@img/sharp-win32-ia32" "0.35.4"
    "@img/sharp-win32-x64" "0.35.4"

"source-map-js@>=0.6.2 <2.0.0":
  version "1.0.2"
  resolved "https://registry.yarnpkg.com/source-map-js/-/source-map-js-1.0.2.tgz#adbc361d9c62df380125e7f161f71c826f1e490c"
  integrity sha512-R0XvVJ9WusLiqTCEiGCmICCMplcCkIwwR11mOSD9CR5u+IXYdiseeEuXCVAjS54zqwkLcPNnmU4OeJ6tUrWhDw==

source-map-js@^1.2.1:
  version "1.2.1"
  resolved "https://registry.yarnpkg.com/source-map-js/-/source-map-js-1.2.1.tgz#1ce5650fddd87abc099eda37dcff024c2667ae46"
  integrity sha512-UXWMKhLOwVKb728IUtQPXxfYU+usdybtUrK/8uGE8CQMvrhOpwvzDBwj0QhSL7MQc7vIsISBG8VQ8+IDQxpfQA==

styled-jsx@5.1.6:
  version "5.1.6"
  resolved "https://registry.yarnpkg.com/styled-jsx/-/styled-jsx-5.1.6.tgz#83b90c077e6c6a80f7f5e8781d0f311b2fe41499"
  integrity sha512-qSVyDTeMotdvQYoHWLNGwRFJHC+i+ZvdBRYosOFgC+Wg1vx4frN2/RG/NA7SYqqvKNLf39P2LSRA2pu6n0XYZA==
  dependencies:
    client-only "0.0.1"

tslib@^2.4.0:
  version "2.6.2"
  resolved "https://registry.yarnpkg.com/tslib/-/tslib-2.6.2.tgz#703ac29425e7b37cd6fd456e92404d46d1f3e4ae"
  integrity sha512-AEYxH93jGFPn/a2iVAwW87VuUIkR1FVUKB77NwMF7nBTDkDrrT/Hpt/IrCJ0QXhW27jTBDcf5ZY7w6RiqTMw2Q==

tslib@^2.8.0:
  version "2.8.1"
  resolved "https://registry.yarnpkg.com/tslib/-/tslib-2.8.1.tgz#612efe4ed235d567e8aba5f2a5fab70280ade83f"
  integrity sha512-oJFu94HQb+KVduSUQL7wnpmqnfmLsOA/nAh6b6EH0wCEoK0/mPeXU6c3wKDV83MkOuHPRHtSXKKU99IBazS/2w==

typescript@5.9.3:
  version "5.9.3"
  resolved "https://registry.yarnpkg.com/typescript/-/typescript-5.9.3.tgz#5b4f59e15310ab17a216f5d6cf53ee476ede670f"
  integrity sha512-jl1vZzPDinLr9eUt3J/t7V6FgNEw9QjvBPdysz9KfQDD41fQrC2Y4vKQdiaUpFT4bXlb1RHhLpp8wtm6M5TgSw==

undici-types@~7.16.0:
  version "7.16.0"
  resolved "https://registry.yarnpkg.com/undici-types/-/undici-types-7.16.0.tgz#ffccdff36aea4884cbfce9a750a0580224f58a46"
  integrity sha512-Zz+aZWSj8LE6zoxD+xrjh4VfkIG8Ya6LvYkZqtUQGJPZjYl53ypCaUwWqo7eI0x66KBGeRo+mlBEkMSeSZ38Nw==

"web-vitals-soft-navs@npm:web-vitals@6.2.1":
  version "6.2.1"
  resolved "https://registry.yarnpkg.com/web-vitals/-/web-vitals-6.2.1.tgz#1a5c857ceffc8cc25d3977f91b05f2a37505353c"
  integrity sha512-rLcLXA2sx6+9dE88NHFubwTtGxpK4yYBLj6qHPdFoCaLr0cXGb4efOqtKLlm4loGA4OEKHIQKMKzZkKyOh5ctw==

web-vitals@^6.2.1:
  version "6.2.1"
  resolved "https://registry.yarnpkg.com/web-vitals/-/web-vitals-6.2.1.tgz#1a5c857ceffc8cc25d3977f91b05f2a37505353c"
  integrity sha512-rLcLXA2sx6+9dE88NHFubwTtGxpK4yYBLj6qHPdFoCaLr0cXGb4efOqtKLlm4loGA4OEKHIQKMKzZkKyOh5ctw==
